// !$*UTF8*$!
{
	archiveVersion = 1;
	classes = {
	};
	objectVersion = 56;
	objects = {

/* Begin PBXBuildFile section */
		BD30DD072B8D9F7400CE3875 /* AppDelegate.swift in Sources */ = {isa = PBXBuildFile; fileRef = BD30DD062B8D9F7400CE3875 /* AppDelegate.swift */; };
		BD30DD092B8D9F7400CE3875 /* SceneDelegate.swift in Sources */ = {isa = PBXBuildFile; fileRef = BD30DD082B8D9F7400CE3875 /* SceneDelegate.swift */; };
		BD30DD102B8D9F7600CE3875 /* Assets.xcassets in Resources */ = {isa = PBXBuildFile; fileRef = BD30DD0F2B8D9F7600CE3875 /* Assets.xcassets */; };
		BD30DD132B8D9F7600CE3875 /* LaunchScreen.storyboard in Resources */ = {isa = PBXBuildFile; fileRef = BD30DD112B8D9F7600CE3875 /* LaunchScreen.storyboard */; };
		BDCB75DC2B8DC32900B5AC1B /* RemindersListViewController.swift in Sources */ = {isa = PBXBuildFile; fileRef = BDCB75DA2B8DC32900B5AC1B /* RemindersListViewController.swift */; };
		BDCB75E02B8DC3E400B5AC1B /* AddScreenViewController.swift in Sources */ = {isa = PBXBuildFile; fileRef = BDCB75DE2B8DC3E400B5AC1B /* AddScreenViewController.swift */; };
		BDCB75E72B8DC51300B5AC1B /* Main.storyboard in Resources */ = {isa = PBXBuildFile; fileRef = BDCB75E62B8DC51300B5AC1B /* Main.storyboard */; };
		BDCB75EB2B8DDCA600B5AC1B /* CustomCell.swift in Sources */ = {isa = PBXBuildFile; fileRef = BDCB75E92B8DDCA600B5AC1B /* CustomCell.swift */; };
		BDCB75EC2B8DDCA600B5AC1B /* CustomCell.xib in Resources */ = {isa = PBXBuildFile; fileRef = BDCB75EA2B8DDCA600B5AC1B /* CustomCell.xib */; };
		BDCB75EE2B8DE28100B5AC1B /* ViewController.swift in Sources */ = {isa = PBXBuildFile; fileRef = BDCB75ED2B8DE28100B5AC1B /* ViewController.swift */; };
/* End PBXBuildFile section */

/* Begin PBXFileReference section */
		BD30DD032B8D9F7400CE3875 /* reminder-task-priyanshu.app */ = {isa = PBXFileReference; explicitFileType = wrapper.application; includeInIndex = 0; path = "reminder-task-priyanshu.app"; sourceTree = BUILT_PRODUCTS_DIR; };
		BD30DD062B8D9F7400CE3875 /* AppDelegate.swift */ = {isa = PBXFileReference; lastKnownFileType = sourcecode.swift; path = AppDelegate.swift; sourceTree = "<group>"; };
		BD30DD082B8D9F7400CE3875 /* SceneDelegate.swift */ = {isa = PBXFileReference; lastKnownFileType = sourcecode.swift; path = SceneDelegate.swift; sourceTree = "<group>"; };
		BD30DD0F2B8D9F7600CE3875 /* Assets.xcassets */ = {isa = PBXFileReference; lastKnownFileType = folder.assetcatalog; path = Assets.xcassets; sourceTree = "<group>"; };
		BD30DD122B8D9F7600CE3875 /* Base */ = {isa = PBXFileReference; lastKnownFileType = file.storyboard; name = Base; path = Base.lproj/LaunchScreen.storyboard; sourceTree = "<group>"; };
		BD30DD142B8D9F7600CE3875 /* Info.plist */ = {isa = PBXFileReference; lastKnownFileType = text.plist.xml; path = Info.plist; sourceTree = "<group>"; };
		BDCB75DA2B8DC32900B5AC1B /* RemindersListViewController.swift */ = {isa = PBXFileReference; lastKnownFileType = sourcecode.swift; path = RemindersListViewController.swift; sourceTree = "<group>"; };
		BDCB75DE2B8DC3E400B5AC1B /* AddScreenViewController.swift */ = {isa = PBXFileReference; lastKnownFileType = sourcecode.swift; path = AddScreenViewController.swift; sourceTree = "<group>"; };
		BDCB75E62B8DC51300B5AC1B /* Main.storyboard */ = {isa = PBXFileReference; fileEncoding = 4; lastKnownFileType = file.storyboard; name = Main.storyboard; path = ../../../../../.Trash/Main.storyboard; sourceTree = "<group>"; };
		BDCB75E92B8DDCA600B5AC1B /* CustomCell.swift */ = {isa = PBXFileReference; lastKnownFileType = sourcecode.swift; path = CustomCell.swift; sourceTree = "<group>"; };
		BDCB75EA2B8DDCA600B5AC1B /* CustomCell.xib */ = {isa = PBXFileReference; lastKnownFileType = file.xib; path = CustomCell.xib; sourceTree = "<group>"; };
		BDCB75ED2B8DE28100B5AC1B /* ViewController.swift */ = {isa = PBXFileReference; lastKnownFileType = sourcecode.swift; path = ViewController.swift; sourceTree = "<group>"; };
/* End PBXFileReference section */

/* Begin PBXFrameworksBuildPhase section */
		BD30DD002B8D9F7400CE3875 /* Frameworks */ = {
			isa = PBXFrameworksBuildPhase;
			buildActionMask = 2147483647;
			files = (
			);
			runOnlyForDeploymentPostprocessing = 0;
		};
/* End PBXFrameworksBuildPhase section */

/* Begin PBXGroup section */
		BD30DCFA2B8D9F7400CE3875 = {
			isa = PBXGroup;
			children = (
				BD30DD052B8D9F7400CE3875 /* reminder-task-priyanshu */,
				BD30DD042B8D9F7400CE3875 /* Products */,
			);
			sourceTree = "<group>";
		};
		BD30DD042B8D9F7400CE3875 /* Products */ = {
			isa = PBXGroup;
			children = (
				BD30DD032B8D9F7400CE3875 /* reminder-task-priyanshu.app */,
			);
			name = Products;
			sourceTree = "<group>";
		};
		BD30DD052B8D9F7400CE3875 /* reminder-task-priyanshu */ = {
			isa = PBXGroup;
			children = (
				BDCB75EF2B8DE7EB00B5AC1B /* common */,
				BDCB75D32B8DC20000B5AC1B /* firstScreen */,
				BDCB75D22B8DC1F300B5AC1B /* remindersListScreen */,
				BDCB75D12B8DC1CF00B5AC1B /* addScreen */,
				BD30DD062B8D9F7400CE3875 /* AppDelegate.swift */,
				BD30DD082B8D9F7400CE3875 /* SceneDelegate.swift */,
				BD30DD0F2B8D9F7600CE3875 /* Assets.xcassets */,
				BD30DD112B8D9F7600CE3875 /* LaunchScreen.storyboard */,
				BD30DD142B8D9F7600CE3875 /* Info.plist */,
				BDCB75E62B8DC51300B5AC1B /* Main.storyboard */,
				BDCB75ED2B8DE28100B5AC1B /* ViewController.swift */,
			);
			path = "reminder-task-priyanshu";
			sourceTree = "<group>";
		};
		BDCB75D12B8DC1CF00B5AC1B /* addScreen */ = {
			isa = PBXGroup;
			children = (
				BDCB75DE2B8DC3E400B5AC1B /* AddScreenViewController.swift */,
			);
			path = addScreen;
			sourceTree = "<group>";
		};
		BDCB75D22B8DC1F300B5AC1B /* remindersListScreen */ = {
			isa = PBXGroup;
			children = (
				BDCB75F02B8DE80B00B5AC1B /* customcell */,
				BDCB75DA2B8DC32900B5AC1B /* RemindersListViewController.swift */,
			);
			path = remindersListScreen;
			sourceTree = "<group>";
		};
		BDCB75D32B8DC20000B5AC1B /* firstScreen */ = {
			isa = PBXGroup;
			children = (
			);
			path = firstScreen;
			sourceTree = "<group>";
		};
		BDCB75EF2B8DE7EB00B5AC1B /* common */ = {
			isa = PBXGroup;
			children = (
			);
			path = common;
			sourceTree = "<group>";
		};
		BDCB75F02B8DE80B00B5AC1B /* customcell */ = {
			isa = PBXGroup;
			children = (
				BDCB75EA2B8DDCA600B5AC1B /* CustomCell.xib */,
				BDCB75E92B8DDCA600B5AC1B /* CustomCell.swift */,
			);
			path = customcell;
			sourceTree = "<group>";
		};
/* End PBXGroup section */

/* Begin PBXNativeTarget section */
		BD30DD022B8D9F7400CE3875 /* reminder-task-priyanshu */ = {
			isa = PBXNativeTarget;
			buildConfigurationList = BD30DD172B8D9F7600CE3875 /* Build configuration list for PBXNativeTarget "reminder-task-priyanshu" */;
			buildPhases = (
				BD30DCFF2B8D9F7400CE3875 /* Sources */,
				BD30DD002B8D9F7400CE3875 /* Frameworks */,
				BD30DD012B8D9F7400CE3875 /* Resources */,
			);
			buildRules = (
			);
			dependencies = (
			);
			name = "reminder-task-priyanshu";
			productName = "reminder-task-priyanshu";
			productReference = BD30DD032B8D9F7400CE3875 /* reminder-task-priyanshu.app */;
			productType = "com.apple.product-type.application";
		};
/* End PBXNativeTarget section */

/* Begin PBXProject section */
		BD30DCFB2B8D9F7400CE3875 /* Project object */ = {
			isa = PBXProject;
			attributes = {
				BuildIndependentTargetsInParallel = 1;
				LastSwiftUpdateCheck = 1520;
				LastUpgradeCheck = 1520;
				TargetAttributes = {
					BD30DD022B8D9F7400CE3875 = {
						CreatedOnToolsVersion = 15.2;
					};
				};
			};
			buildConfigurationList = BD30DCFE2B8D9F7400CE3875 /* Build configuration list for PBXProject "reminder-task-priyanshu" */;
			compatibilityVersion = "Xcode 14.0";
			developmentRegion = en;
			hasScannedForEncodings = 0;
			knownRegions = (
				en,
				Base,
			);
			mainGroup = BD30DCFA2B8D9F7400CE3875;
			productRefGroup = BD30DD042B8D9F7400CE3875 /* Products */;
			projectDirPath = "";
			projectRoot = "";
			targets = (
				BD30DD022B8D9F7400CE3875 /* reminder-task-priyanshu */,
			);
		};
/* End PBXProject section */

/* Begin PBXResourcesBuildPhase section */
		BD30DD012B8D9F7400CE3875 /* Resources */ = {
			isa = PBXResourcesBuildPhase;
			buildActionMask = 2147483647;
			files = (
				BD30DD132B8D9F7600CE3875 /* LaunchScreen.storyboard in Resources */,
				BD30DD102B8D9F7600CE3875 /* Assets.xcassets in Resources */,
				BDCB75EC2B8DDCA600B5AC1B /* CustomCell.xib in Resources */,
				BDCB75E72B8DC51300B5AC1B /* Main.storyboard in Resources */,
			);
			runOnlyForDeploymentPostprocessing = 0;
		};
/* End PBXResourcesBuildPhase section */

/* Begin PBXSourcesBuildPhase section */
		BD30DCFF2B8D9F7400CE3875 /* Sources */ = {
			isa = PBXSourcesBuildPhase;
			buildActionMask = 2147483647;
			files = (
				BD30DD072B8D9F7400CE3875 /* AppDelegate.swift in Sources */,
				BD30DD092B8D9F7400CE3875 /* SceneDelegate.swift in Sources */,
				BDCB75DC2B8DC32900B5AC1B /* RemindersListViewController.swift in Sources */,
				BDCB75E02B8DC3E400B5AC1B /* AddScreenViewController.swift in Sources */,
				BDCB75EE2B8DE28100B5AC1B /* ViewController.swift in Sources */,
				BDCB75EB2B8DDCA600B5AC1B /* CustomCell.swift in Sources */,
			);
			runOnlyForDeploymentPostprocessing = 0;
		};
/* End PBXSourcesBuildPhase section */

/* Begin PBXVariantGroup section */
		BD30DD112B8D9F7600CE3875 /* LaunchScreen.storyboard */ = {
			isa = PBXVariantGroup;
			children = (
				BD30DD122B8D9F7600CE3875 /* Base */,
			);
			name = LaunchScreen.storyboard;
			sourceTree = "<group>";
		};
/* End PBXVariantGroup section */

/* Begin XCBuildConfiguration section */
		BD30DD152B8D9F7600CE3875 /* Debug */ = {
			isa = XCBuildConfiguration;
			buildSettings = {
				ALWAYS_SEARCH_USER_PATHS = NO;
				ASSETCATALOG_COMPILER_GENERATE_SWIFT_ASSET_SYMBOL_EXTENSIONS = YES;
				CLANG_ANALYZER_NONNULL = YES;
				CLANG_ANALYZER_NUMBER_OBJECT_CONVERSION = YES_AGGRESSIVE;
				CLANG_CXX_LANGUAGE_STANDARD = "gnu++20";
				CLANG_ENABLE_MODULES = YES;
				CLANG_ENABLE_OBJC_ARC = YES;
				CLANG_ENABLE_OBJC_WEAK = YES;
				CLANG_WARN_BLOCK_CAPTURE_AUTORELEASING = YES;
				CLANG_WARN_BOOL_CONVERSION = YES;
				CLANG_WARN_COMMA = YES;
				CLANG_WARN_CONSTANT_CONVERSION = YES;
				CLANG_WARN_DEPRECATED_OBJC_IMPLEMENTATIONS = YES;
				CLANG_WARN_DIRECT_OBJC_ISA_USAGE = YES_ERROR;
				CLANG_WARN_DOCUMENTATION_COMMENTS = YES;
				CLANG_WARN_EMPTY_BODY = YES;
				CLANG_WARN_ENUM_CONVERSION = YES;
				CLANG_WARN_INFINITE_RECURSION = YES;
				CLANG_WARN_INT_CONVERSION = YES;
				CLANG_WARN_NON_LITERAL_NULL_CONVERSION = YES;
				CLANG_WARN_OBJC_IMPLICIT_RETAIN_SELF = YES;
				CLANG_WARN_OBJC_LITERAL_CONVERSION = YES;
				CLANG_WARN_OBJC_ROOT_CLASS = YES_ERROR;
				CLANG_WARN_QUOTED_INCLUDE_IN_FRAMEWORK_HEADER = YES;
				CLANG_WARN_RANGE_LOOP_ANALYSIS = YES;
				CLANG_WARN_STRICT_PROTOTYPES = YES;
				CLANG_WARN_SUSPICIOUS_MOVE = YES;
				CLANG_WARN_UNGUARDED_AVAILABILITY = YES_AGGRESSIVE;
				CLANG_WARN_UNREACHABLE_CODE = YES;
				CLANG_WARN__DUPLICATE_METHOD_MATCH = YES;
				COPY_PHASE_STRIP = NO;
				DEBUG_INFORMATION_FORMAT = dwarf;
				ENABLE_STRICT_OBJC_MSGSEND = YES;
				ENABLE_TESTABILITY = YES;
				ENABLE_USER_SCRIPT_SANDBOXING = YES;
				GCC_C_LANGUAGE_STANDARD = gnu17;
				GCC_DYNAMIC_NO_PIC = NO;
				GCC_NO_COMMON_BLOCKS = YES;
				GCC_OPTIMIZATION_LEVEL = 0;
				GCC_PREPROCESSOR_DEFINITIONS = (
					"DEBUG=1",
					"$(inherited)",
				);
				GCC_WARN_64_TO_32_BIT_CONVERSION = YES;
				GCC_WARN_ABOUT_RETURN_TYPE = YES_ERROR;
				GCC_WARN_UNDECLARED_SELECTOR = YES;
				GCC_WARN_UNINITIALIZED_AUTOS = YES_AGGRESSIVE;
				GCC_WARN_UNUSED_FUNCTION = YES;
				GCC_WARN_UNUSED_VARIABLE = YES;
				IPHONEOS_DEPLOYMENT_TARGET = 17.2;
				LOCALIZATION_PREFERS_STRING_CATALOGS = YES;
				MTL_ENABLE_DEBUG_INFO = INCLUDE_SOURCE;
				MTL_FAST_MATH = YES;
				ONLY_ACTIVE_ARCH = YES;
				SDKROOT = iphoneos;
				SWIFT_ACTIVE_COMPILATION_CONDITIONS = "DEBUG $(inherited)";
				SWIFT_OPTIMIZATION_LEVEL = "-Onone";
			};
			name = Debug;
		};
		BD30DD162B8D9F7600CE3875 /* Release */ = {
			isa = XCBuildConfiguration;
			buildSettings = {
				ALWAYS_SEARCH_USER_PATHS = NO;
				ASSETCATALOG_COMPILER_GENERATE_SWIFT_ASSET_SYMBOL_EXTENSIONS = YES;
				CLANG_ANALYZER_NONNULL = YES;
				CLANG_ANALYZER_NUMBER_OBJECT_CONVERSION = YES_AGGRESSIVE;
				CLANG_CXX_LANGUAGE_STANDARD = "gnu++20";
				CLANG_ENABLE_MODULES = YES;
				CLANG_ENABLE_OBJC_ARC = YES;
				CLANG_ENABLE_OBJC_WEAK = YES;
				CLANG_WARN_BLOCK_CAPTURE_AUTORELEASING = YES;
				CLANG_WARN_BOOL_CONVERSION = YES;
				CLANG_WARN_COMMA = YES;
				CLANG_WARN_CONSTANT_CONVERSION = YES;
				CLANG_WARN_DEPRECATED_OBJC_IMPLEMENTATIONS = YES;
				CLANG_WARN_DIRECT_OBJC_ISA_USAGE = YES_ERROR;
				CLANG_WARN_DOCUMENTATION_COMMENTS = YES;
				CLANG_WARN_EMPTY_BODY = YES;
				CLANG_WARN_ENUM_CONVERSION = YES;
				CLANG_WARN_INFINITE_RECURSION = YES;
				CLANG_WARN_INT_CONVERSION = YES;
				CLANG_WARN_NON_LITERAL_NULL_CONVERSION = YES;
				CLANG_WARN_OBJC_IMPLICIT_RETAIN_SELF = YES;
				CLANG_WARN_OBJC_LITERAL_CONVERSION = YES;
				CLANG_WARN_OBJC_ROOT_CLASS = YES_ERROR;
				CLANG_WARN_QUOTED_INCLUDE_IN_FRAMEWORK_HEADER = YES;
				CLANG_WARN_RANGE_LOOP_ANALYSIS = YES;
				CLANG_WARN_STRICT_PROTOTYPES = YES;
				CLANG_WARN_SUSPICIOUS_MOVE = YES;
				CLANG_WARN_UNGUARDED_AVAILABILITY = YES_AGGRESSIVE;
				CLANG_WARN_UNREACHABLE_CODE = YES;
				CLANG_WARN__DUPLICATE_METHOD_MATCH = YES;
				COPY_PHASE_STRIP = NO;
				DEBUG_INFORMATION_FORMAT = "dwarf-with-dsym";
				ENABLE_NS_ASSERTIONS = NO;
				ENABLE_STRICT_OBJC_MSGSEND = YES;
				ENABLE_USER_SCRIPT_SANDBOXING = YES;
				GCC_C_LANGUAGE_STANDARD = gnu17;
				GCC_NO_COMMON_BLOCKS = YES;
				GCC_WARN_64_TO_32_BIT_CONVERSION = YES;
				GCC_WARN_ABOUT_RETURN_TYPE = YES_ERROR;
				GCC_WARN_UNDECLARED_SELECTOR = YES;
				GCC_WARN_UNINITIALIZED_AUTOS = YES_AGGRESSIVE;
				GCC_WARN_UNUSED_FUNCTION = YES;
				GCC_WARN_UNUSED_VARIABLE = YES;
				IPHONEOS_DEPLOYMENT_TARGET = 17.2;
				LOCALIZATION_PREFERS_STRING_CATALOGS = YES;
				MTL_ENABLE_DEBUG_INFO = NO;
				MTL_FAST_MATH = YES;
				SDKROOT = iphoneos;
				SWIFT_COMPILATION_MODE = wholemodule;
				VALIDATE_PRODUCT = YES;
			};
			name = Release;
		};
		BD30DD182B8D9F7600CE3875 /* Debug */ = {
			isa = XCBuildConfiguration;
			buildSettings = {
				ASSETCATALOG_COMPILER_APPICON_NAME = AppIcon;
				ASSETCATALOG_COMPILER_GLOBAL_ACCENT_COLOR_NAME = AccentColor;
				CODE_SIGN_STYLE = Automatic;
				CURRENT_PROJECT_VERSION = 1;
				GENERATE_INFOPLIST_FILE = YES;
				INFOPLIST_FILE = "reminder-task-priyanshu/Info.plist";
				INFOPLIST_KEY_UIApplicationSupportsIndirectInputEvents = YES;
				INFOPLIST_KEY_UILaunchStoryboardName = LaunchScreen;
				INFOPLIST_KEY_UIMainStoryboardFile = Main;
				INFOPLIST_KEY_UISupportedInterfaceOrientations_iPad = "UIInterfaceOrientationPortrait UIInterfaceOrientationPortraitUpsideDown UIInterfaceOrientationLandscapeLeft UIInterfaceOrientationLandscapeRight";
				INFOPLIST_KEY_UISupportedInterfaceOrientations_iPhone = "UIInterfaceOrientationPortrait UIInterfaceOrientationLandscapeLeft UIInterfaceOrientationLandscapeRight";
				LD_RUNPATH_SEARCH_PATHS = (
					"$(inherited)",
					"@executable_path/Frameworks",
				);
				MARKETING_VERSION = 1.0;
				PRODUCT_BUNDLE_IDENTIFIER = "com.priyanshutask.reminder-task-priyanshu";
				PRODUCT_NAME = "$(TARGET_NAME)";
				SWIFT_EMIT_LOC_STRINGS = YES;
				SWIFT_VERSION = 5.0;
				TARGETED_DEVICE_FAMILY = "1,2";
			};
			name = Debug;
		};
		BD30DD192B8D9F7600CE3875 /* Release */ = {
			isa = XCBuildConfiguration;
			buildSettings = {
				ASSETCATALOG_COMPILER_APPICON_NAME = AppIcon;
				ASSETCATALOG_COMPILER_GLOBAL_ACCENT_COLOR_NAME = AccentColor;
				CODE_SIGN_STYLE = Automatic;
				CURRENT_PROJECT_VERSION = 1;
				GENERATE_INFOPLIST_FILE = YES;
				INFOPLIST_FILE = "reminder-task-priyanshu/Info.plist";
				INFOPLIST_KEY_UIApplicationSupportsIndirectInputEvents = YES;
				INFOPLIST_KEY_UILaunchStoryboardName = LaunchScreen;
				INFOPLIST_KEY_UIMainStoryboardFile = Main;
				INFOPLIST_KEY_UISupportedInterfaceOrientations_iPad = "UIInterfaceOrientationPortrait UIInterfaceOrientationPortraitUpsideDown UIInterfaceOrientationLandscapeLeft UIInterfaceOrientationLandscapeRight";
				INFOPLIST_KEY_UISupportedInterfaceOrientations_iPhone = "UIInterfaceOrientationPortrait UIInterfaceOrientationLandscapeLeft UIInterfaceOrientationLandscapeRight";
				LD_RUNPATH_SEARCH_PATHS = (
					"$(inherited)",
					"@executable_path/Frameworks",
				);
				MARKETING_VERSION = 1.0;
				PRODUCT_BUNDLE_IDENTIFIER = "com.priyanshutask.reminder-task-priyanshu";
				PRODUCT_NAME = "$(TARGET_NAME)";
				SWIFT_EMIT_LOC_STRINGS = YES;
				SWIFT_VERSION = 5.0;
				TARGETED_DEVICE_FAMILY = "1,2";
			};
			name = Release;
		};
/* End XCBuildConfiguration section */

/* Begin XCConfigurationList section */
		BD30DCFE2B8D9F7400CE3875 /* Build configuration list for PBXProject "reminder-task-priyanshu" */ = {
			isa = XCConfigurationList;
			buildConfigurations = (
				BD30DD152B8D9F7600CE3875 /* Debug */,
				BD30DD162B8D9F7600CE3875 /* Release */,
			);
			defaultConfigurationIsVisible = 0;
			defaultConfigurationName = Release;
		};
		BD30DD172B8D9F7600CE3875 /* Build configuration list for PBXNativeTarget "reminder-task-priyanshu" */ = {
			isa = XCConfigurationList;
			buildConfigurations = (
				BD30DD182B8D9F7600CE3875 /* Debug */,
				BD30DD192B8D9F7600CE3875 /* Release */,
			);
			defaultConfigurationIsVisible = 0;
			defaultConfigurationName = Release;
		};
/* End XCConfigurationList section */
	};
	rootObject = BD30DCFB2B8D9F7400CE3875 /* Project object */;
}
